
Microsoft Visual Studio Solution File, Format Version 12.00
# Visual Studio 2013
VisualStudioVersion = 12.0.40629.0
MinimumVisualStudioVersion = 10.0.40219.1
Project("{FAE04EC0-301F-11D3-BF4B-00C04F79EFBC}") = "Seo.Prerender.SampleSite", "Seo.Prerender.SampleSite\Seo.Prerender.SampleSite.csproj", "{8CB0FDDA-CF8E-4AE2-82B2-0359CCE98878}"
EndProject
Project("{FAE04EC0-301F-11D3-BF4B-00C04F79EFBC}") = "Seo.Prerender", "..\Seo.Prerender\Seo.Prerender.csproj", "{29007143-D7A4-4684-AF20-084EB83148DC}"
EndProject
Project("{FAE04EC0-301F-11D3-BF4B-00C04F79EFBC}") = "Seo.Prerender.Test", "..\Seo.Prerender.Test\Seo.Prerender.Test.csproj", "{8F7429A9-13EA-4A0C-A080-594EF2A2847A}"
EndProject
Global
	GlobalSection(SolutionConfigurationPlatforms) = preSolution
		Debug|Any CPU = Debug|Any CPU
		Release|Any CPU = Release|Any CPU
	EndGlobalSection
	GlobalSection(ProjectConfigurationPlatforms) = postSolution
		{8CB0FDDA-CF8E-4AE2-82B2-0359CCE98878}.Debug|Any CPU.ActiveCfg = Debug|Any CPU
		{8CB0FDDA-CF8E-4AE2-82B2-0359CCE98878}.Debug|Any CPU.Build.0 = Debug|Any CPU
		{8CB0FDDA-CF8E-4AE2-82B2-0359CCE98878}.Release|Any CPU.ActiveCfg = Release|Any CPU
		{8CB0FDDA-CF8E-4AE2-82B2-0359CCE98878}.Release|Any CPU.Build.0 = Release|Any CPU
		{29007143-D7A4-4684-AF20-084EB83148DC}.Debug|Any CPU.ActiveCfg = Debug|Any CPU
		{29007143-D7A4-4684-AF20-084EB83148DC}.Debug|Any CPU.Build.0 = Debug|Any CPU
		{29007143-D7A4-4684-AF20-084EB83148DC}.Release|Any CPU.ActiveCfg = Release|Any CPU
		{29007143-D7A4-4684-AF20-084EB83148DC}.Release|Any CPU.Build.0 = Release|Any CPU
		{8F7429A9-13EA-4A0C-A080-594EF2A2847A}.Debug|Any CPU.ActiveCfg = Debug|Any CPU
		{8F7429A9-13EA-4A0C-A080-594EF2A2847A}.Debug|Any CPU.Build.0 = Debug|Any CPU
		{8F7429A9-13EA-4A0C-A080-594EF2A2847A}.Release|Any CPU.ActiveCfg = Release|Any CPU
		{8F7429A9-13EA-4A0C-A080-594EF2A2847A}.Release|Any CPU.Build.0 = Release|Any CPU
	EndGlobalSection
	GlobalSection(SolutionProperties) = preSolution
		HideSolutionNode = FALSE
	EndGlobalSection
EndGlobal
